
Microsoft Visual Studio Solution File, Format Version 12.00
# Visual Studio Version 16
VisualStudioVersion = 16.0.30907.101
MinimumVisualStudioVersion = 10.0.40219.1
Project("{FAE04EC0-301F-11D3-BF4B-00C04F79EFBC}") = "Advance", "Advance\Advance.csproj", "{717C7A00-3335-46C2-A660-5B4AD70EA8D0}"
EndProject
Global
	GlobalSection(SolutionConfigurationPlatforms) = preSolution
		Debug|Any CPU = Debug|Any CPU
		Release|Any CPU = Release|Any CPU
	EndGlobalSection
	GlobalSection(ProjectConfigurationPlatforms) = postSolution
		{717C7A00-3335-46C2-A660-5B4AD70EA8D0}.Debug|Any CPU.ActiveCfg = Debug|Any CPU
		{717C7A00-3335-46C2-A660-5B4AD70EA8D0}.Debug|Any CPU.Build.0 = Debug|Any CPU
		{717C7A00-3335-46C2-A660-5B4AD70EA8D0}.Release|Any CPU.ActiveCfg = Release|Any CPU
		{717C7A00-3335-46C2-A660-5B4AD70EA8D0}.Release|Any CPU.Build.0 = Release|Any CPU
	EndGlobalSection
	GlobalSection(SolutionProperties) = preSolution
		HideSolutionNode = FALSE
	EndGlobalSection
	GlobalSection(ExtensibilityGlobals) = postSolution
		SolutionGuid = {2E267696-9840-4A44-A2AA-5D5AD76007F3}
	EndGlobalSection
EndGlobal
